{
    "name": "core-frontend",
    "version": "1.0.0",
    "lockfileVersion": 1,
    "requires": true,
    "dependencies": {
        "@angular/animations": {
            "version": "8.0.0",
            "resolved": "https://registry.npmjs.org/@angular/animations/-/animations-8.0.0.tgz",
            "integrity": "sha512-hggSRi83rmocLwzrKZtmFcqPdivKSJqp2yiYaiNmJ2yQWJ1JW/Lurypv9H347RWxmwCCwC2kV8embTGbOXIFDQ==",
            "requires": {
                "tslib": "^1.9.0"
            }
        },
        "@angular/cdk": {
            "version": "8.0.0",
            "resolved": "https://registry.npmjs.org/@angular/cdk/-/cdk-8.0.0.tgz",
            "integrity": "sha512-2vsRWEHNARe0iRmqgzvM67gwfRy+aKvdef4Qu9L+ndSsTrrZT3tSgG8SMn1v9SfBHnx5G8mo4d1AMquXG69AuQ==",
            "requires": {
                "parse5": "^5.0.0",
                "tslib": "^1.7.1"
            }
        },
        "@angular/common": {
            "version": "8.0.0",
            "resolved": "https://registry.npmjs.org/@angular/common/-/common-8.0.0.tgz",
            "integrity": "sha512-iOAJZ0+1zTRHnHE/5G30+4Q66W1pfZkSkxZIXvgijZ+wtuNloYdWNy/IdZ/m7ayBI7A6FsYEhyMUoWz2HVEJNw==",
            "requires": {
                "tslib": "^1.9.0"
            }
        },
        "@angular/compiler": {
            "version": "8.0.0",
            "resolved": "https://registry.npmjs.org/@angular/compiler/-/compiler-8.0.0.tgz",
            "integrity": "sha512-4rKsVFMNykF83tPL1VE1+j9kZ3cWHUsLOAB/VqmF64EcR/GsbjKog2v23rSso5kqUtPiVq/FWGYllW6qMdxtJA==",
            "requires": {
                "tslib": "^1.9.0"
            }
        },
        "@angular/core": {
            "version": "8.0.0",
            "resolved": "https://registry.npmjs.org/@angular/core/-/core-8.0.0.tgz",
            "integrity": "sha512-mrkP1PTzqCmZGLYll+TDyawLXHzi+FcRPqSuRxCmDMthUUE93SLXT2yISDkx9aMPtFKgFr6KfrIkKuCz16BP/g==",
            "requires": {
                "tslib": "^1.9.0"
            }
        },
        "@angular/forms": {
            "version": "8.0.0",
            "resolved": "https://registry.npmjs.org/@angular/forms/-/forms-8.0.0.tgz",
            "integrity": "sha512-T6XdG3mALWzvnrN3fA1hAmfwvraiF1SPMWNXgPk2riuMf8CFdoro+tQZ4eo1islHrTTw5QzmqN8JJALfhAG6bg==",
            "requires": {
                "tslib": "^1.9.0"
            }
        },
        "@angular/http": {
            "version": "7.2.15",
            "resolved": "https://registry.npmjs.org/@angular/http/-/http-7.2.15.tgz",
            "integrity": "sha512-TR7PEdmLWNIre3Zn8lvyb4lSrvPUJhKLystLnp4hBMcWsJqq5iK8S3bnlR4viZ9HMlf7bW7+Hm4SI6aB3tdUtw==",
            "requires": {
                "tslib": "^1.9.0"
            }
        },
        "@angular/material": {
            "version": "8.0.0",
            "resolved": "https://registry.npmjs.org/@angular/material/-/material-8.0.0.tgz",
            "integrity": "sha512-c7O7GhZd46xF2WB6T/YPam5lJkTgQLdIS53IqwZIFhL427+SEfPvejVzRnVfZCI3NdrKiWt/5VsvtQZwWzlGvw==",
            "requires": {
                "tslib": "^1.7.1"
            }
        },
        "@angular/material-moment-adapter": {
            "version": "8.0.0",
            "resolved": "https://registry.npmjs.org/@angular/material-moment-adapter/-/material-moment-adapter-8.0.0.tgz",
            "integrity": "sha512-OXVqXOfEyhuZK9FegTIg6umkh0bZmHk4wdKTc9h4siyz8eTEm8OJUzQPW7xZjL0e8fhf0h9XPMcFcD71ue8itw==",
            "requires": {
                "tslib": "^1.7.1"
            }
        },
        "@angular/platform-browser": {
            "version": "8.0.0",
            "resolved": "https://registry.npmjs.org/@angular/platform-browser/-/platform-browser-8.0.0.tgz",
            "integrity": "sha512-fTD+pTMbq+On9Uv3VXiei2lfuX7GX31dngm/Y4yWTFeW6eXy0+7kkfflzpLOb0hykCZvcXzarqCuEBBYNLrrOg==",
            "requires": {
                "tslib": "^1.9.0"
            }
        },
        "@angular/platform-browser-dynamic": {
            "version": "8.0.0",
            "resolved": "https://registry.npmjs.org/@angular/platform-browser-dynamic/-/platform-browser-dynamic-8.0.0.tgz",
            "integrity": "sha512-dx7W7JoSFbsveexjZ/BPlsXbMDLWVLmRCo7IqLvibMrTbdpaaOCNJIXJk1X+f7JJrQ7SwlZaVkoLCMoDWw6fmA==",
            "requires": {
                "tslib": "^1.9.0"
            }
        },
        "@angular/platform-server": {
            "version": "8.0.0",
            "resolved": "https://registry.npmjs.org/@angular/platform-server/-/platform-server-8.0.0.tgz",
            "integrity": "sha512-pA6m1okOfyy2qH5A6jUxrhx6z7eAG+ne7IM+j/6JUBDjp4KO9BC84aa/xfpZq5dsskl8E8II9c4hUKocMyeRjA==",
            "requires": {
                "domino": "^2.1.2",
                "tslib": "^1.9.0",
                "xhr2": "^0.1.4"
            }
        },
        "@angular/router": {
            "version": "8.0.0",
            "resolved": "https://registry.npmjs.org/@angular/router/-/router-8.0.0.tgz",
            "integrity": "sha512-DGUTb8qpndE5m716xh00GxuC8o7qamlqbUruGB+SQD6ynU7s5yLGxtKffxqb1BT63+YewpsVxc2Koruvb1qjDw==",
            "requires": {
                "tslib": "^1.9.0"
            }
        },
        "@interactjs/actions": {
            "version": "1.4.8",
            "resolved": "https://registry.npmjs.org/@interactjs/actions/-/actions-1.4.8.tgz",
            "integrity": "sha512-yal/U7FZBsSBouhVR3J4BOji3+FK9QeOn6KwqgS9k7F6vfMi7aXY4Kw9C7jLY709/PRowEUppn3uKtvdTSCORg=="
        },
        "@interactjs/auto-scroll": {
            "version": "1.4.8",
            "resolved": "https://registry.npmjs.org/@interactjs/auto-scroll/-/auto-scroll-1.4.8.tgz",
            "integrity": "sha512-7jcmXDalM5G1a4+H7mI/jNleX7KXejSRT+wOSedbJ8Eiq2ph4JCUfn2b3VjTG0WKy24algpXSAd54B7VWVfLJQ=="
        },
        "@interactjs/auto-start": {
            "version": "1.4.8",
            "resolved": "https://registry.npmjs.org/@interactjs/auto-start/-/auto-start-1.4.8.tgz",
            "integrity": "sha512-f1njKysDEJenMv0HICLMrM6VHIhzZzD4hV38BGYOa7svMXGU9EgpVmrqJ8WdzroK2IE5ybiU5kA8g/+MVj3qkg=="
        },
        "@interactjs/core": {
            "version": "1.4.8",
            "resolved": "https://registry.npmjs.org/@interactjs/core/-/core-1.4.8.tgz",
            "integrity": "sha512-yLY7NEJfoZfauXTEEtgsXESaRomnW3JYUUxbsrMZQrQ7wzibIJr3i5g3HduwsUHFcH6C+aQri1PYDGrCWUYU7A=="
        },
        "@interactjs/dev-tools": {
            "version": "1.4.8",
            "resolved": "https://registry.npmjs.org/@interactjs/dev-tools/-/dev-tools-1.4.8.tgz",
            "integrity": "sha512-gDaad1wW7I3HOpjzLVZHXTu/8/oyNy6TcVL52rLBvSEjrEApKQ0Ctqk4t1jQC/sdY6XWZyv9aw3pOTeix5lzkw==",
            "requires": {
                "@interactjs/utils": "1.4.8"
            }
        },
        "@interactjs/inertia": {
            "version": "1.4.8",
            "resolved": "https://registry.npmjs.org/@interactjs/inertia/-/inertia-1.4.8.tgz",
            "integrity": "sha512-CpGwEFuxtZsqRR9RRQTDJylxMf/I0MzXGA52vKBoBVm326tVqS7MRxXDUhpKGsz5NXRycK8skKjnh1368E5dxQ=="
        },
        "@interactjs/interact": {
            "version": "1.4.8",
            "resolved": "https://registry.npmjs.org/@interactjs/interact/-/interact-1.4.8.tgz",
            "integrity": "sha512-AqXHgarSDn5l9lK8KebhL+Uh44zO0MWg0OMmGbRbltPTDu36SunFGd2l5aXI/DlmYYKTFUPvjLb463cgMulw+Q=="
        },
        "@interactjs/modifiers": {
            "version": "1.4.8",
            "resolved": "https://registry.npmjs.org/@interactjs/modifiers/-/modifiers-1.4.8.tgz",
            "integrity": "sha512-hOgYzD5ZGcG/2R0l+ysIPDfqDjAf7uXsvQ1mN6voFLZlWjfzm8rEPmUY6ZZLOVkPbPqDUa1p9pX1hB1ShHb0kQ=="
        },
        "@interactjs/pointer-events": {
            "version": "1.4.8",
            "resolved": "https://registry.npmjs.org/@interactjs/pointer-events/-/pointer-events-1.4.8.tgz",
            "integrity": "sha512-argDVNup4Gk34kW0iOw3Ietb97zSz06dQwrosubj+alx1nD0/FGElim+yyC0nsQTzgAbXyWwm+6kXcXMb15bbQ=="
        },
        "@interactjs/reflow": {
            "version": "1.4.8",
            "resolved": "https://registry.npmjs.org/@interactjs/reflow/-/reflow-1.4.8.tgz",
            "integrity": "sha512-SLm8dCjmmTwhY11FVWnYSXETxl2LoflGK3ZWIvFGG09Eqiw64K+eI/6BY7hnTIgMkA+x3dpYNlNmM9K37Ay3Mw=="
        },
        "@interactjs/types": {
            "version": "1.4.8",
            "resolved": "https://registry.npmjs.org/@interactjs/types/-/types-1.4.8.tgz",
            "integrity": "sha512-q/rpOsO+L/ViTWcsCfy32nu63GSxDi9Dqu8du6f94Kl9d7yURcx1gGbYPoSSJytY59AbGxhnA6B1moYL/Tj/9A==",
            "requires": {
                "@interactjs/actions": "1.4.8",
                "@interactjs/auto-scroll": "1.4.8",
                "@interactjs/auto-start": "1.4.8",
                "@interactjs/core": "1.4.8",
                "@interactjs/dev-tools": "1.4.8",
                "@interactjs/inertia": "1.4.8",
                "@interactjs/interact": "1.4.8",
                "@interactjs/modifiers": "1.4.8",
                "@interactjs/pointer-events": "1.4.8",
                "@interactjs/reflow": "1.4.8",
                "@interactjs/utils": "1.4.8"
            }
        },
        "@interactjs/utils": {
            "version": "1.4.8",
            "resolved": "https://registry.npmjs.org/@interactjs/utils/-/utils-1.4.8.tgz",
            "integrity": "sha512-S0ym+iv7EKBxVVgLie4bqVmzDHkWaEVF+k6G172yRdaeZfn9Z6C22u83nJApNcY0G+bSmACqMqqMtGewxn3PGg=="
        },
        "@ngx-translate/core": {
            "version": "11.0.1",
            "resolved": "https://registry.npmjs.org/@ngx-translate/core/-/core-11.0.1.tgz",
            "integrity": "sha512-nBCa1ZD9fAUY/3eskP3Lql2fNg8OMrYIej1/5GRsfcutx9tG/5fZLCv9m6UCw1aS+u4uK/vXjv1ctG/FdMvaWg==",
            "requires": {
                "tslib": "^1.9.0"
            }
        },
        "@types/linkifyjs": {
            "version": "2.1.2",
            "resolved": "https://registry.npmjs.org/@types/linkifyjs/-/linkifyjs-2.1.2.tgz",
            "integrity": "sha512-qdVVPJ+qACtLqOZ7BBhIkkj0EK9K55UD9htKKDxpt1YVN1GpTkbeAaADcU8vlM/aUJqdjZDpTZMgzA7AMeJa4Q==",
            "dev": true,
            "requires": {
                "@types/react": "*"
            }
        },
        "@types/moment": {
            "version": "2.13.0",
            "resolved": "https://registry.npmjs.org/@types/moment/-/moment-2.13.0.tgz",
            "integrity": "sha1-YE69GJvDvDShVIaJQE5hoqSqyJY=",
            "dev": true,
            "requires": {
                "moment": "*"
            }
        },
        "@types/numeral": {
            "version": "0.0.25",
            "resolved": "https://registry.npmjs.org/@types/numeral/-/numeral-0.0.25.tgz",
            "integrity": "sha512-ShHzHkYD+Ldw3eyttptCpUhF1/mkInWwasQkCNXZHOsJMJ/UMa8wXrxSrTJaVk0r4pLK/VnESVM0wFsfQzNEKQ==",
            "dev": true
        },
        "@types/prop-types": {
            "version": "15.7.1",
            "resolved": "https://registry.npmjs.org/@types/prop-types/-/prop-types-15.7.1.tgz",
            "integrity": "sha512-CFzn9idOEpHrgdw8JsoTkaDDyRWk1jrzIV8djzcgpq0y9tG4B4lFT+Nxh52DVpDXV+n4+NPNv7M1Dj5uMp6XFg==",
            "dev": true
        },
        "@types/react": {
            "version": "16.8.19",
            "resolved": "https://registry.npmjs.org/@types/react/-/react-16.8.19.tgz",
            "integrity": "sha512-QzEzjrd1zFzY9cDlbIiFvdr+YUmefuuRYrPxmkwG0UQv5XF35gFIi7a95m1bNVcFU0VimxSZ5QVGSiBmlggQXQ==",
            "dev": true,
            "requires": {
                "@types/prop-types": "*",
                "csstype": "^2.2.0"
            }
        },
        "axios": {
            "version": "0.19.0",
            "resolved": "https://registry.npmjs.org/axios/-/axios-0.19.0.tgz",
            "integrity": "sha512-1uvKqKQta3KBxIz14F2v06AEHZ/dIoeKfbTRkK1E5oqjDnuEerLmYTgJB5AiQZHJcljpg1TuRzdjDR06qNk0DQ==",
            "requires": {
                "follow-redirects": "1.5.10",
                "is-buffer": "^2.0.2"
            }
        },
        "bootstrap": {
            "version": "4.3.1",
            "resolved": "https://registry.npmjs.org/bootstrap/-/bootstrap-4.3.1.tgz",
            "integrity": "sha512-rXqOmH1VilAt2DyPzluTi2blhk17bO7ef+zLLPlWvG494pDxcM234pJ8wTc/6R40UWizAIIMgxjvxZg5kmsbag=="
        },
        "core-js": {
            "version": "3.1.3",
            "resolved": "https://registry.npmjs.org/core-js/-/core-js-3.1.3.tgz",
            "integrity": "sha512-PWZ+ZfuaKf178BIAg+CRsljwjIMRV8MY00CbZczkR6Zk5LfkSkjGoaab3+bqRQWVITNZxQB7TFYz+CFcyuamvA=="
        },
        "css-element-queries": {
            "version": "1.2.0",
            "resolved": "https://registry.npmjs.org/css-element-queries/-/css-element-queries-1.2.0.tgz",
            "integrity": "sha512-4gaxpioSFueMcp9yj1TJFCLjfooGv38y6ZdwFUS3GuS+9NIVijdeiExXKwSIHoQDADfpgnaYSTzmJs+bV+Hehg=="
        },
        "csshake": {
            "version": "1.5.3",
            "resolved": "https://registry.npmjs.org/csshake/-/csshake-1.5.3.tgz",
            "integrity": "sha512-1vSyB+N/rdq7QSfqKs/Aj/LKzWFy3xdWpgEuJ63nJw1DmHDTC4rbzkagH9/aVT5otbX77i1cq99OPDIFJofAkQ=="
        },
        "csstype": {
            "version": "2.6.5",
            "resolved": "https://registry.npmjs.org/csstype/-/csstype-2.6.5.tgz",
            "integrity": "sha512-JsTaiksRsel5n7XwqPAfB0l3TFKdpjW/kgAELf9vrb5adGA7UCPLajKK5s3nFrcFm3Rkyp/Qkgl73ENc1UY3cA==",
            "dev": true
        },
        "debug": {
            "version": "3.1.0",
            "resolved": "https://registry.npmjs.org/debug/-/debug-3.1.0.tgz",
            "integrity": "sha512-OX8XqP7/1a9cqkxYw2yXss15f26NKWBpDXQd0/uK/KPqdQhxbPa994hnzjcE2VqQpDslf55723cKPUOGSmMY3g==",
            "requires": {
                "ms": "2.0.0"
            }
        },
        "domino": {
            "version": "2.1.3",
            "resolved": "https://registry.npmjs.org/domino/-/domino-2.1.3.tgz",
            "integrity": "sha512-EwjTbUv1Q/RLQOdn9k7ClHutrQcWGsfXaRQNOnM/KgK4xDBoLFEcIRFuBSxAx13Vfa63X029gXYrNFrSy+DOSg=="
        },
        "follow-redirects": {
            "version": "1.5.10",
            "resolved": "https://registry.npmjs.org/follow-redirects/-/follow-redirects-1.5.10.tgz",
            "integrity": "sha512-0V5l4Cizzvqt5D44aTXbFZz+FtyXV1vrDN6qrelxtfYQKW0KO0W2T/hkE8xvGa/540LkZlkaUjO4ailYTFtHVQ==",
            "requires": {
                "debug": "=3.1.0"
            }
        },
        "hammerjs": {
            "version": "2.0.8",
            "resolved": "https://registry.npmjs.org/hammerjs/-/hammerjs-2.0.8.tgz",
            "integrity": "sha1-BO93hiz/K7edMPdpIJWTAiK/YPE="
        },
        "interactjs": {
            "version": "1.4.8",
            "resolved": "https://registry.npmjs.org/interactjs/-/interactjs-1.4.8.tgz",
            "integrity": "sha512-2vbpZyNpAV9u+telzejnOHmygtgc8lw5geo8g6ZFR6ZfY5UyoWflIN6HR3yDTmpKgaAbqTZf3DFuPbB5Q47bpw==",
            "requires": {
                "@interactjs/types": "1.4.8"
            }
        },
        "is-buffer": {
            "version": "2.0.3",
            "resolved": "https://registry.npmjs.org/is-buffer/-/is-buffer-2.0.3.tgz",
            "integrity": "sha512-U15Q7MXTuZlrbymiz95PJpZxu8IlipAp4dtS3wOdgPXx3mqBnslrWU14kxfHB+Py/+2PVKSr37dMAgM2A4uArw=="
        },
        "jquery": {
            "version": "3.4.1",
            "resolved": "https://registry.npmjs.org/jquery/-/jquery-3.4.1.tgz",
            "integrity": "sha512-36+AdBzCL+y6qjw5Tx7HgzeGCzC81MDDgaUP8ld2zhx58HdqXGoBd+tHdrBMiyjGQs0Hxs/MLZTu/eHNJJuWPw=="
        },
        "js-tokens": {
            "version": "4.0.0",
            "resolved": "https://registry.npmjs.org/js-tokens/-/js-tokens-4.0.0.tgz",
            "integrity": "sha512-RdJUflcE3cUzKiMqQgsCu06FPu9UdIJO0beYbPhHN4k6apgJtifcoCtT9bcxOpYBtpD2kCM6Sbzg4CausW/PKQ==",
            "optional": true
        },
        "linkifyjs": {
            "version": "2.1.8",
            "resolved": "https://registry.npmjs.org/linkifyjs/-/linkifyjs-2.1.8.tgz",
            "integrity": "sha512-j3QpiEr4UYzN5foKhrr9Sr06VI9vSlI4HisDWt+7Mq+TWDwpJ6H/LLpogYsXcyUIJLVhGblXXdUnblHsVNMPpg==",
            "requires": {
                "jquery": "^3.3.1",
                "react": "^16.4.2",
                "react-dom": "^16.4.2"
            }
        },
        "loose-envify": {
            "version": "1.4.0",
            "resolved": "https://registry.npmjs.org/loose-envify/-/loose-envify-1.4.0.tgz",
            "integrity": "sha512-lyuxPGr/Wfhrlem2CL/UcnUc1zcqKAImBDzukY7Y5F/yQiNdko6+fRLevlw1HgMySw7f611UIY408EtxRSoK3Q==",
            "optional": true,
            "requires": {
                "js-tokens": "^3.0.0 || ^4.0.0"
            }
        },
        "make-plural": {
            "version": "4.3.0",
            "resolved": "https://registry.npmjs.org/make-plural/-/make-plural-4.3.0.tgz",
            "integrity": "sha512-xTYd4JVHpSCW+aqDof6w/MebaMVNTVYBZhbB/vi513xXdiPT92JMVCo0Jq8W2UZnzYRFeVbQiQ+I25l13JuKvA==",
            "requires": {
                "minimist": "^1.2.0"
            }
        },
        "messageformat": {
            "version": "2.2.1",
            "resolved": "https://registry.npmjs.org/messageformat/-/messageformat-2.2.1.tgz",
            "integrity": "sha512-yMeuqLBgmn2IFqy51xKMeuQQYK/SLVX4mqT51VaaVp2bCOEaYs2/4qN5mSnVTvkMdDNvt7YwGw4wpGR0WjeT6A==",
            "requires": {
                "make-plural": "^4.3.0",
                "messageformat-formatters": "^2.0.0",
                "messageformat-parser": "^4.1.1"
            }
        },
        "messageformat-formatters": {
            "version": "2.0.0",
            "resolved": "https://registry.npmjs.org/messageformat-formatters/-/messageformat-formatters-2.0.0.tgz",
            "integrity": "sha512-0AhoocUMk5CFKvqTubLfR6xKcoYAnbVFEMzXe2oNetLG0zlEHLg+gq4NQ3bBMy6T2qaOJRLjF2ZBT4Wzeof02A=="
        },
        "messageformat-parser": {
            "version": "4.1.1",
            "resolved": "https://registry.npmjs.org/messageformat-parser/-/messageformat-parser-4.1.1.tgz",
            "integrity": "sha512-g5JfN4P58rrx0YVYo4S/tT23cYYm3NNeJLm2F2hhcFq1O1xieVGTssHa1QWMYeHCulTJ/1V7EMkOtItJa9LFUg=="
        },
        "minimist": {
            "version": "1.2.0",
            "resolved": "https://registry.npmjs.org/minimist/-/minimist-1.2.0.tgz",
            "integrity": "sha1-o1AIsg9BOD7sH7kU9M1d95omQoQ=",
            "optional": true
        },
        "moment": {
            "version": "2.24.0",
            "resolved": "https://registry.npmjs.org/moment/-/moment-2.24.0.tgz",
            "integrity": "sha512-bV7f+6l2QigeBBZSM/6yTNq4P2fNpSWj/0e7jQcy87A8e7o2nAfP/34/2ky5Vw4B9S446EtIhodAzkFCcR4dQg=="
        },
        "ms": {
            "version": "2.0.0",
            "resolved": "https://registry.npmjs.org/ms/-/ms-2.0.0.tgz",
            "integrity": "sha1-VgiurfwAvmwpAd9fmGF4jeDVl8g="
        },
        "ngx-cookie": {
            "version": "4.0.2",
            "resolved": "https://registry.npmjs.org/ngx-cookie/-/ngx-cookie-4.0.2.tgz",
            "integrity": "sha512-YCak+Itql8EDkMfr9lzCNd2wEeV+uflbv2V1mi9LCzUyFcO+W53S/BbuZS5r9M8MZzUiBl4AmpEDEKYiXrb3Sw==",
            "requires": {
                "tslib": "^1.9.0"
            }
        },
        "numeral": {
            "version": "2.0.6",
            "resolved": "https://registry.npmjs.org/numeral/-/numeral-2.0.6.tgz",
            "integrity": "sha1-StCAk21EPCVhrtnyGX7//iX05QY="
        },
        "object-assign": {
            "version": "4.1.1",
            "resolved": "https://registry.npmjs.org/object-assign/-/object-assign-4.1.1.tgz",
            "integrity": "sha1-IQmtx5ZYh8/AXLvUQsrIv7s2CGM=",
            "optional": true
        },
        "parse5": {
            "version": "5.1.0",
            "resolved": "https://registry.npmjs.org/parse5/-/parse5-5.1.0.tgz",
            "integrity": "sha512-fxNG2sQjHvlVAYmzBZS9YlDp6PTSSDwa98vkD4QgVDDCAo84z5X1t5XyJQ62ImdLXx5NdIIfihey6xpum9/gRQ==",
            "optional": true
        },
        "popper.js": {
            "version": "1.15.0",
            "resolved": "https://registry.npmjs.org/popper.js/-/popper.js-1.15.0.tgz",
            "integrity": "sha512-w010cY1oCUmI+9KwwlWki+r5jxKfTFDVoadl7MSrIujHU5MJ5OR6HTDj6Xo8aoR/QsA56x8jKjA59qGH4ELtrA=="
        },
        "process": {
            "version": "0.11.10",
            "resolved": "https://registry.npmjs.org/process/-/process-0.11.10.tgz",
            "integrity": "sha1-czIwDoQBYb2j5podHZGn1LwW8YI="
        },
        "prop-types": {
            "version": "15.7.2",
            "resolved": "https://registry.npmjs.org/prop-types/-/prop-types-15.7.2.tgz",
            "integrity": "sha512-8QQikdH7//R2vurIJSutZ1smHYTcLpRWEOlHnzcWHmBYrOGUysKwSsrC89BCiFj3CbrfJ/nXFdJepOVrY1GCHQ==",
            "optional": true,
            "requires": {
                "loose-envify": "^1.4.0",
                "object-assign": "^4.1.1",
                "react-is": "^16.8.1"
            }
        },
        "react": {
            "version": "16.8.6",
            "resolved": "https://registry.npmjs.org/react/-/react-16.8.6.tgz",
            "integrity": "sha512-pC0uMkhLaHm11ZSJULfOBqV4tIZkx87ZLvbbQYunNixAAvjnC+snJCg0XQXn9VIsttVsbZP/H/ewzgsd5fxKXw==",
            "optional": true,
            "requires": {
                "loose-envify": "^1.1.0",
                "object-assign": "^4.1.1",
                "prop-types": "^15.6.2",
                "scheduler": "^0.13.6"
            }
        },
        "react-dom": {
            "version": "16.8.6",
            "resolved": "https://registry.npmjs.org/react-dom/-/react-dom-16.8.6.tgz",
            "integrity": "sha512-1nL7PIq9LTL3fthPqwkvr2zY7phIPjYrT0jp4HjyEQrEROnw4dG41VVwi/wfoCneoleqrNX7iAD+pXebJZwrwA==",
            "optional": true,
            "requires": {
                "loose-envify": "^1.1.0",
                "object-assign": "^4.1.1",
                "prop-types": "^15.6.2",
                "scheduler": "^0.13.6"
            }
        },
        "react-is": {
            "version": "16.8.6",
            "resolved": "https://registry.npmjs.org/react-is/-/react-is-16.8.6.tgz",
            "integrity": "sha512-aUk3bHfZ2bRSVFFbbeVS4i+lNPZr3/WM5jT2J5omUVV1zzcs1nAaf3l51ctA5FFvCRbhrH0bdAsRRQddFJZPtA==",
            "optional": true
        },
        "rxjs": {
            "version": "6.5.2",
            "resolved": "https://registry.npmjs.org/rxjs/-/rxjs-6.5.2.tgz",
            "integrity": "sha512-HUb7j3kvb7p7eCUHE3FqjoDsC1xfZQ4AHFWfTKSpZ+sAhhz5X1WX0ZuUqWbzB2QhSLp3DoLUG+hMdEDKqWo2Zg==",
            "requires": {
                "tslib": "^1.9.0"
            }
        },
        "scheduler": {
            "version": "0.13.6",
            "resolved": "https://registry.npmjs.org/scheduler/-/scheduler-0.13.6.tgz",
            "integrity": "sha512-IWnObHt413ucAYKsD9J1QShUKkbKLQQHdxRyw73sw4FN26iWr3DY/H34xGPe4nmL1DwXyWmSWmMrA9TfQbE/XQ==",
            "optional": true,
            "requires": {
                "loose-envify": "^1.1.0",
                "object-assign": "^4.1.1"
            }
        },
        "tslib": {
            "version": "1.9.3",
            "resolved": "https://registry.npmjs.org/tslib/-/tslib-1.9.3.tgz",
            "integrity": "sha512-4krF8scpejhaOgqzBEcGM7yDIEfi0/8+8zDRZhNZZ2kjmHJ4hv3zCbQWxoJGz1iw5U0Jl0nma13xzHXcncMavQ=="
        },
        "xhr2": {
            "version": "0.1.4",
            "resolved": "https://registry.npmjs.org/xhr2/-/xhr2-0.1.4.tgz",
            "integrity": "sha1-f4dliEdxbbUCYyOBL4GMras4el8="
        },
        "zone.js": {
            "version": "0.9.1",
            "resolved": "https://registry.npmjs.org/zone.js/-/zone.js-0.9.1.tgz",
            "integrity": "sha512-GkPiJL8jifSrKReKaTZ5jkhrMEgXbXYC+IPo1iquBjayRa0q86w3Dipjn8b415jpitMExe9lV8iTsv8tk3DGag=="
        }
    }
}
